# THIS IS AN AUTOGENERATED FILE. DO NOT EDIT THIS FILE DIRECTLY.
# yarn lockfile v1


"@types/node@^13.7.2":
  version "13.7.2"
  resolved "https://registry.npm.taobao.org/@types/node/download/@types/node-13.7.2.tgz#50375b95b5845a34efda2ffb3a087c7becbc46c6"
  integrity sha1-UDdblbWEWjTv2i/7Ogh8e+y8RsY=

"@types/vscode@^1.42.0":
  version "1.42.0"
  resolved "https://registry.npm.taobao.org/@types/vscode/download/@types/vscode-1.42.0.tgz#0ad891a9487e91e34be7c56985058a179031eb76"
  integrity sha1-CtiRqUh+keNL58VphQWKF5Ax63Y=

typescript@^3.7.5:
  version "3.7.5"
  resolved "https://registry.npm.taobao.org/typescript/download/typescript-3.7.5.tgz?cache=0&sync_timestamp=1582097191319&other_urls=https%3A%2F%2Fregistry.npm.taobao.org%2Ftypescript%2Fdownload%2Ftypescript-3.7.5.tgz#0692e21f65fd4108b9330238aac11dd2e177a1ae"
  integrity sha1-BpLiH2X9QQi5MwI4qsEd0uF3oa4=
